// !$*UTF8*$!
{
	archiveVersion = 1;
	classes = {
	};
	objectVersion = 56;
	objects = {

/* Begin PBXBuildFile section */
		B9660EF12C6B9AEF00722962 /* User.swift in Sources */ = {isa = PBXBuildFile; fileRef = B9660EF02C6B9AEF00722962 /* User.swift */; };
		B9660EF32C6B9B4500722962 /* Follower.swift in Sources */ = {isa = PBXBuildFile; fileRef = B9660EF22C6B9B4500722962 /* Follower.swift */; };
		B9660EF72C6BA14300722962 /* FollowerListViewModel.swift in Sources */ = {isa = PBXBuildFile; fileRef = B9660EF62C6BA14300722962 /* FollowerListViewModel.swift */; };
		B9660EF92C6BA81C00722962 /* FollowerDetailView.swift in Sources */ = {isa = PBXBuildFile; fileRef = B9660EF82C6BA81C00722962 /* FollowerDetailView.swift */; };
		B99DA7E22C6A7A7D00F8F159 /* GHFollowers_SwiftUIApp.swift in Sources */ = {isa = PBXBuildFile; fileRef = B99DA7E12C6A7A7D00F8F159 /* GHFollowers_SwiftUIApp.swift */; };
		B99DA7E42C6A7A7D00F8F159 /* GHFollowersTabView.swift in Sources */ = {isa = PBXBuildFile; fileRef = B99DA7E32C6A7A7D00F8F159 /* GHFollowersTabView.swift */; };
		B99DA7E62C6A7A8000F8F159 /* Assets.xcassets in Resources */ = {isa = PBXBuildFile; fileRef = B99DA7E52C6A7A8000F8F159 /* Assets.xcassets */; };
		B99DA7E92C6A7A8000F8F159 /* Preview Assets.xcassets in Resources */ = {isa = PBXBuildFile; fileRef = B99DA7E82C6A7A8000F8F159 /* Preview Assets.xcassets */; };
		B9D514B32C6A7E6300C5F790 /* SearchView.swift in Sources */ = {isa = PBXBuildFile; fileRef = B9D514B22C6A7E6300C5F790 /* SearchView.swift */; };
		B9D514B52C6A7E7500C5F790 /* FavoritesView.swift in Sources */ = {isa = PBXBuildFile; fileRef = B9D514B42C6A7E7500C5F790 /* FavoritesView.swift */; };
		B9D514B72C6A84E600C5F790 /* FollowerListView.swift in Sources */ = {isa = PBXBuildFile; fileRef = B9D514B62C6A84E600C5F790 /* FollowerListView.swift */; };
/* End PBXBuildFile section */

/* Begin PBXFileReference section */
		B9660EF02C6B9AEF00722962 /* User.swift */ = {isa = PBXFileReference; lastKnownFileType = sourcecode.swift; path = User.swift; sourceTree = "<group>"; };
		B9660EF22C6B9B4500722962 /* Follower.swift */ = {isa = PBXFileReference; lastKnownFileType = sourcecode.swift; path = Follower.swift; sourceTree = "<group>"; };
		B9660EF62C6BA14300722962 /* FollowerListViewModel.swift */ = {isa = PBXFileReference; lastKnownFileType = sourcecode.swift; path = FollowerListViewModel.swift; sourceTree = "<group>"; };
		B9660EF82C6BA81C00722962 /* FollowerDetailView.swift */ = {isa = PBXFileReference; lastKnownFileType = sourcecode.swift; path = FollowerDetailView.swift; sourceTree = "<group>"; };
		B99DA7DE2C6A7A7D00F8F159 /* GHFollowers-SwiftUI.app */ = {isa = PBXFileReference; explicitFileType = wrapper.application; includeInIndex = 0; path = "GHFollowers-SwiftUI.app"; sourceTree = BUILT_PRODUCTS_DIR; };
		B99DA7E12C6A7A7D00F8F159 /* GHFollowers_SwiftUIApp.swift */ = {isa = PBXFileReference; lastKnownFileType = sourcecode.swift; path = GHFollowers_SwiftUIApp.swift; sourceTree = "<group>"; };
		B99DA7E32C6A7A7D00F8F159 /* GHFollowersTabView.swift */ = {isa = PBXFileReference; lastKnownFileType = sourcecode.swift; path = GHFollowersTabView.swift; sourceTree = "<group>"; };
		B99DA7E52C6A7A8000F8F159 /* Assets.xcassets */ = {isa = PBXFileReference; lastKnownFileType = folder.assetcatalog; path = Assets.xcassets; sourceTree = "<group>"; };
		B99DA7E82C6A7A8000F8F159 /* Preview Assets.xcassets */ = {isa = PBXFileReference; lastKnownFileType = folder.assetcatalog; path = "Preview Assets.xcassets"; sourceTree = "<group>"; };
		B9D514B22C6A7E6300C5F790 /* SearchView.swift */ = {isa = PBXFileReference; lastKnownFileType = sourcecode.swift; path = SearchView.swift; sourceTree = "<group>"; };
		B9D514B42C6A7E7500C5F790 /* FavoritesView.swift */ = {isa = PBXFileReference; lastKnownFileType = sourcecode.swift; path = FavoritesView.swift; sourceTree = "<group>"; };
		B9D514B62C6A84E600C5F790 /* FollowerListView.swift */ = {isa = PBXFileReference; lastKnownFileType = sourcecode.swift; path = FollowerListView.swift; sourceTree = "<group>"; };
/* End PBXFileReference section */

/* Begin PBXFrameworksBuildPhase section */
		B99DA7DB2C6A7A7D00F8F159 /* Frameworks */ = {
			isa = PBXFrameworksBuildPhase;
			buildActionMask = 2147483647;
			files = (
			);
			runOnlyForDeploymentPostprocessing = 0;
		};
/* End PBXFrameworksBuildPhase section */

/* Begin PBXGroup section */
		B99DA7D52C6A7A7D00F8F159 = {
			isa = PBXGroup;
			children = (
				B99DA7E02C6A7A7D00F8F159 /* GHFollowers-SwiftUI */,
				B99DA7DF2C6A7A7D00F8F159 /* Products */,
			);
			sourceTree = "<group>";
		};
		B99DA7DF2C6A7A7D00F8F159 /* Products */ = {
			isa = PBXGroup;
			children = (
				B99DA7DE2C6A7A7D00F8F159 /* GHFollowers-SwiftUI.app */,
			);
			name = Products;
			sourceTree = "<group>";
		};
		B99DA7E02C6A7A7D00F8F159 /* GHFollowers-SwiftUI */ = {
			isa = PBXGroup;
			children = (
				B99DA7E12C6A7A7D00F8F159 /* GHFollowers_SwiftUIApp.swift */,
				B99DA7E32C6A7A7D00F8F159 /* GHFollowersTabView.swift */,
				B9D514B22C6A7E6300C5F790 /* SearchView.swift */,
				B9D514B42C6A7E7500C5F790 /* FavoritesView.swift */,
				B9D514B62C6A84E600C5F790 /* FollowerListView.swift */,
				B9660EF02C6B9AEF00722962 /* User.swift */,
				B9660EF22C6B9B4500722962 /* Follower.swift */,
				B9660EF62C6BA14300722962 /* FollowerListViewModel.swift */,
				B9660EF82C6BA81C00722962 /* FollowerDetailView.swift */,
				B99DA7E52C6A7A8000F8F159 /* Assets.xcassets */,
				B99DA7E72C6A7A8000F8F159 /* Preview Content */,
			);
			path = "GHFollowers-SwiftUI";
			sourceTree = "<group>";
		};
		B99DA7E72C6A7A8000F8F159 /* Preview Content */ = {
			isa = PBXGroup;
			children = (
				B99DA7E82C6A7A8000F8F159 /* Preview Assets.xcassets */,
			);
			path = "Preview Content";
			sourceTree = "<group>";
		};
/* End PBXGroup section */

/* Begin PBXNativeTarget section */
		B99DA7DD2C6A7A7D00F8F159 /* GHFollowers-SwiftUI */ = {
			isa = PBXNativeTarget;
			buildConfigurationList = B99DA7EC2C6A7A8000F8F159 /* Build configuration list for PBXNativeTarget "GHFollowers-SwiftUI" */;
			buildPhases = (
				B99DA7DA2C6A7A7D00F8F159 /* Sources */,
				B99DA7DB2C6A7A7D00F8F159 /* Frameworks */,
				B99DA7DC2C6A7A7D00F8F159 /* Resources */,
			);
			buildRules = (
			);
			dependencies = (
			);
			name = "GHFollowers-SwiftUI";
			productName = "GHFollowers-SwiftUI";
			productReference = B99DA7DE2C6A7A7D00F8F159 /* GHFollowers-SwiftUI.app */;
			productType = "com.apple.product-type.application";
		};
/* End PBXNativeTarget section */

/* Begin PBXProject section */
		B99DA7D62C6A7A7D00F8F159 /* Project object */ = {
			isa = PBXProject;
			attributes = {
				BuildIndependentTargetsInParallel = 1;
				LastSwiftUpdateCheck = 1540;
				LastUpgradeCheck = 1540;
				TargetAttributes = {
					B99DA7DD2C6A7A7D00F8F159 = {
						CreatedOnToolsVersion = 15.4;
					};
				};
			};
			buildConfigurationList = B99DA7D92C6A7A7D00F8F159 /* Build configuration list for PBXProject "GHFollowers-SwiftUI" */;
			compatibilityVersion = "Xcode 14.0";
			developmentRegion = en;
			hasScannedForEncodings = 0;
			knownRegions = (
				en,
				Base,
			);
			mainGroup = B99DA7D52C6A7A7D00F8F159;
			productRefGroup = B99DA7DF2C6A7A7D00F8F159 /* Products */;
			projectDirPath = "";
			projectRoot = "";
			targets = (
				B99DA7DD2C6A7A7D00F8F159 /* GHFollowers-SwiftUI */,
			);
		};
/* End PBXProject section */

/* Begin PBXResourcesBuildPhase section */
		B99DA7DC2C6A7A7D00F8F159 /* Resources */ = {
			isa = PBXResourcesBuildPhase;
			buildActionMask = 2147483647;
			files = (
				B99DA7E92C6A7A8000F8F159 /* Preview Assets.xcassets in Resources */,
				B99DA7E62C6A7A8000F8F159 /* Assets.xcassets in Resources */,
			);
			runOnlyForDeploymentPostprocessing = 0;
		};
/* End PBXResourcesBuildPhase section */

/* Begin PBXSourcesBuildPhase section */
		B99DA7DA2C6A7A7D00F8F159 /* Sources */ = {
			isa = PBXSourcesBuildPhase;
			buildActionMask = 2147483647;
			files = (
				B9660EF72C6BA14300722962 /* FollowerListViewModel.swift in Sources */,
				B9D514B52C6A7E7500C5F790 /* FavoritesView.swift in Sources */,
				B9660EF92C6BA81C00722962 /* FollowerDetailView.swift in Sources */,
				B9660EF32C6B9B4500722962 /* Follower.swift in Sources */,
				B9D514B72C6A84E600C5F790 /* FollowerListView.swift in Sources */,
				B9660EF12C6B9AEF00722962 /* User.swift in Sources */,
				B99DA7E42C6A7A7D00F8F159 /* GHFollowersTabView.swift in Sources */,
				B9D514B32C6A7E6300C5F790 /* SearchView.swift in Sources */,
				B99DA7E22C6A7A7D00F8F159 /* GHFollowers_SwiftUIApp.swift in Sources */,
			);
			runOnlyForDeploymentPostprocessing = 0;
		};
/* End PBXSourcesBuildPhase section */

/* Begin XCBuildConfiguration section */
		B99DA7EA2C6A7A8000F8F159 /* Debug */ = {
			isa = XCBuildConfiguration;
			buildSettings = {
				ALWAYS_SEARCH_USER_PATHS = NO;
				ASSETCATALOG_COMPILER_GENERATE_SWIFT_ASSET_SYMBOL_EXTENSIONS = YES;
				CLANG_ANALYZER_NONNULL = YES;
				CLANG_ANALYZER_NUMBER_OBJECT_CONVERSION = YES_AGGRESSIVE;
				CLANG_CXX_LANGUAGE_STANDARD = "gnu++20";
				CLANG_ENABLE_MODULES = YES;
				CLANG_ENABLE_OBJC_ARC = YES;
				CLANG_ENABLE_OBJC_WEAK = YES;
				CLANG_WARN_BLOCK_CAPTURE_AUTORELEASING = YES;
				CLANG_WARN_BOOL_CONVERSION = YES;
				CLANG_WARN_COMMA = YES;
				CLANG_WARN_CONSTANT_CONVERSION = YES;
				CLANG_WARN_DEPRECATED_OBJC_IMPLEMENTATIONS = YES;
				CLANG_WARN_DIRECT_OBJC_ISA_USAGE = YES_ERROR;
				CLANG_WARN_DOCUMENTATION_COMMENTS = YES;
				CLANG_WARN_EMPTY_BODY = YES;
				CLANG_WARN_ENUM_CONVERSION = YES;
				CLANG_WARN_INFINITE_RECURSION = YES;
				CLANG_WARN_INT_CONVERSION = YES;
				CLANG_WARN_NON_LITERAL_NULL_CONVERSION = YES;
				CLANG_WARN_OBJC_IMPLICIT_RETAIN_SELF = YES;
				CLANG_WARN_OBJC_LITERAL_CONVERSION = YES;
				CLANG_WARN_OBJC_ROOT_CLASS = YES_ERROR;
				CLANG_WARN_QUOTED_INCLUDE_IN_FRAMEWORK_HEADER = YES;
				CLANG_WARN_RANGE_LOOP_ANALYSIS = YES;
				CLANG_WARN_STRICT_PROTOTYPES = YES;
				CLANG_WARN_SUSPICIOUS_MOVE = YES;
				CLANG_WARN_UNGUARDED_AVAILABILITY = YES_AGGRESSIVE;
				CLANG_WARN_UNREACHABLE_CODE = YES;
				CLANG_WARN__DUPLICATE_METHOD_MATCH = YES;
				COPY_PHASE_STRIP = NO;
				DEBUG_INFORMATION_FORMAT = dwarf;
				ENABLE_STRICT_OBJC_MSGSEND = YES;
				ENABLE_TESTABILITY = YES;
				ENABLE_USER_SCRIPT_SANDBOXING = YES;
				GCC_C_LANGUAGE_STANDARD = gnu17;
				GCC_DYNAMIC_NO_PIC = NO;
				GCC_NO_COMMON_BLOCKS = YES;
				GCC_OPTIMIZATION_LEVEL = 0;
				GCC_PREPROCESSOR_DEFINITIONS = (
					"DEBUG=1",
					"$(inherited)",
				);
				GCC_WARN_64_TO_32_BIT_CONVERSION = YES;
				GCC_WARN_ABOUT_RETURN_TYPE = YES_ERROR;
				GCC_WARN_UNDECLARED_SELECTOR = YES;
				GCC_WARN_UNINITIALIZED_AUTOS = YES_AGGRESSIVE;
				GCC_WARN_UNUSED_FUNCTION = YES;
				GCC_WARN_UNUSED_VARIABLE = YES;
				IPHONEOS_DEPLOYMENT_TARGET = 17.5;
				LOCALIZATION_PREFERS_STRING_CATALOGS = YES;
				MTL_ENABLE_DEBUG_INFO = INCLUDE_SOURCE;
				MTL_FAST_MATH = YES;
				ONLY_ACTIVE_ARCH = YES;
				SDKROOT = iphoneos;
				SWIFT_ACTIVE_COMPILATION_CONDITIONS = "DEBUG $(inherited)";
				SWIFT_OPTIMIZATION_LEVEL = "-Onone";
			};
			name = Debug;
		};
		B99DA7EB2C6A7A8000F8F159 /* Release */ = {
			isa = XCBuildConfiguration;
			buildSettings = {
				ALWAYS_SEARCH_USER_PATHS = NO;
				ASSETCATALOG_COMPILER_GENERATE_SWIFT_ASSET_SYMBOL_EXTENSIONS = YES;
				CLANG_ANALYZER_NONNULL = YES;
				CLANG_ANALYZER_NUMBER_OBJECT_CONVERSION = YES_AGGRESSIVE;
				CLANG_CXX_LANGUAGE_STANDARD = "gnu++20";
				CLANG_ENABLE_MODULES = YES;
				CLANG_ENABLE_OBJC_ARC = YES;
				CLANG_ENABLE_OBJC_WEAK = YES;
				CLANG_WARN_BLOCK_CAPTURE_AUTORELEASING = YES;
				CLANG_WARN_BOOL_CONVERSION = YES;
				CLANG_WARN_COMMA = YES;
				CLANG_WARN_CONSTANT_CONVERSION = YES;
				CLANG_WARN_DEPRECATED_OBJC_IMPLEMENTATIONS = YES;
				CLANG_WARN_DIRECT_OBJC_ISA_USAGE = YES_ERROR;
				CLANG_WARN_DOCUMENTATION_COMMENTS = YES;
				CLANG_WARN_EMPTY_BODY = YES;
				CLANG_WARN_ENUM_CONVERSION = YES;
				CLANG_WARN_INFINITE_RECURSION = YES;
				CLANG_WARN_INT_CONVERSION = YES;
				CLANG_WARN_NON_LITERAL_NULL_CONVERSION = YES;
				CLANG_WARN_OBJC_IMPLICIT_RETAIN_SELF = YES;
				CLANG_WARN_OBJC_LITERAL_CONVERSION = YES;
				CLANG_WARN_OBJC_ROOT_CLASS = YES_ERROR;
				CLANG_WARN_QUOTED_INCLUDE_IN_FRAMEWORK_HEADER = YES;
				CLANG_WARN_RANGE_LOOP_ANALYSIS = YES;
				CLANG_WARN_STRICT_PROTOTYPES = YES;
				CLANG_WARN_SUSPICIOUS_MOVE = YES;
				CLANG_WARN_UNGUARDED_AVAILABILITY = YES_AGGRESSIVE;
				CLANG_WARN_UNREACHABLE_CODE = YES;
				CLANG_WARN__DUPLICATE_METHOD_MATCH = YES;
				COPY_PHASE_STRIP = NO;
				DEBUG_INFORMATION_FORMAT = "dwarf-with-dsym";
				ENABLE_NS_ASSERTIONS = NO;
				ENABLE_STRICT_OBJC_MSGSEND = YES;
				ENABLE_USER_SCRIPT_SANDBOXING = YES;
				GCC_C_LANGUAGE_STANDARD = gnu17;
				GCC_NO_COMMON_BLOCKS = YES;
				GCC_WARN_64_TO_32_BIT_CONVERSION = YES;
				GCC_WARN_ABOUT_RETURN_TYPE = YES_ERROR;
				GCC_WARN_UNDECLARED_SELECTOR = YES;
				GCC_WARN_UNINITIALIZED_AUTOS = YES_AGGRESSIVE;
				GCC_WARN_UNUSED_FUNCTION = YES;
				GCC_WARN_UNUSED_VARIABLE = YES;
				IPHONEOS_DEPLOYMENT_TARGET = 17.5;
				LOCALIZATION_PREFERS_STRING_CATALOGS = YES;
				MTL_ENABLE_DEBUG_INFO = NO;
				MTL_FAST_MATH = YES;
				SDKROOT = iphoneos;
				SWIFT_COMPILATION_MODE = wholemodule;
				VALIDATE_PRODUCT = YES;
			};
			name = Release;
		};
		B99DA7ED2C6A7A8000F8F159 /* Debug */ = {
			isa = XCBuildConfiguration;
			buildSettings = {
				ASSETCATALOG_COMPILER_APPICON_NAME = AppIcon;
				ASSETCATALOG_COMPILER_GLOBAL_ACCENT_COLOR_NAME = AccentColor;
				CODE_SIGN_STYLE = Automatic;
				CURRENT_PROJECT_VERSION = 1;
				DEVELOPMENT_ASSET_PATHS = "\"GHFollowers-SwiftUI/Preview Content\"";
				DEVELOPMENT_TEAM = 4BVZF38BS4;
				ENABLE_PREVIEWS = YES;
				GENERATE_INFOPLIST_FILE = YES;
				INFOPLIST_KEY_UIApplicationSceneManifest_Generation = YES;
				INFOPLIST_KEY_UIApplicationSupportsIndirectInputEvents = YES;
				INFOPLIST_KEY_UILaunchScreen_Generation = YES;
				INFOPLIST_KEY_UISupportedInterfaceOrientations_iPad = "UIInterfaceOrientationPortrait UIInterfaceOrientationPortraitUpsideDown UIInterfaceOrientationLandscapeLeft UIInterfaceOrientationLandscapeRight";
				INFOPLIST_KEY_UISupportedInterfaceOrientations_iPhone = "UIInterfaceOrientationPortrait UIInterfaceOrientationLandscapeLeft UIInterfaceOrientationLandscapeRight";
				LD_RUNPATH_SEARCH_PATHS = (
					"$(inherited)",
					"@executable_path/Frameworks",
				);
				MARKETING_VERSION = 1.0;
				PRODUCT_BUNDLE_IDENTIFIER = "Julian-Martinez.GHFollowers-SwiftUI";
				PRODUCT_NAME = "$(TARGET_NAME)";
				SWIFT_EMIT_LOC_STRINGS = YES;
				SWIFT_VERSION = 5.0;
				TARGETED_DEVICE_FAMILY = "1,2";
			};
			name = Debug;
		};
		B99DA7EE2C6A7A8000F8F159 /* Release */ = {
			isa = XCBuildConfiguration;
			buildSettings = {
				ASSETCATALOG_COMPILER_APPICON_NAME = AppIcon;
				ASSETCATALOG_COMPILER_GLOBAL_ACCENT_COLOR_NAME = AccentColor;
				CODE_SIGN_STYLE = Automatic;
				CURRENT_PROJECT_VERSION = 1;
				DEVELOPMENT_ASSET_PATHS = "\"GHFollowers-SwiftUI/Preview Content\"";
				DEVELOPMENT_TEAM = 4BVZF38BS4;
				ENABLE_PREVIEWS = YES;
				GENERATE_INFOPLIST_FILE = YES;
				INFOPLIST_KEY_UIApplicationSceneManifest_Generation = YES;
				INFOPLIST_KEY_UIApplicationSupportsIndirectInputEvents = YES;
				INFOPLIST_KEY_UILaunchScreen_Generation = YES;
				INFOPLIST_KEY_UISupportedInterfaceOrientations_iPad = "UIInterfaceOrientationPortrait UIInterfaceOrientationPortraitUpsideDown UIInterfaceOrientationLandscapeLeft UIInterfaceOrientationLandscapeRight";
				INFOPLIST_KEY_UISupportedInterfaceOrientations_iPhone = "UIInterfaceOrientationPortrait UIInterfaceOrientationLandscapeLeft UIInterfaceOrientationLandscapeRight";
				LD_RUNPATH_SEARCH_PATHS = (
					"$(inherited)",
					"@executable_path/Frameworks",
				);
				MARKETING_VERSION = 1.0;
				PRODUCT_BUNDLE_IDENTIFIER = "Julian-Martinez.GHFollowers-SwiftUI";
				PRODUCT_NAME = "$(TARGET_NAME)";
				SWIFT_EMIT_LOC_STRINGS = YES;
				SWIFT_VERSION = 5.0;
				TARGETED_DEVICE_FAMILY = "1,2";
			};
			name = Release;
		};
/* End XCBuildConfiguration section */

/* Begin XCConfigurationList section */
		B99DA7D92C6A7A7D00F8F159 /* Build configuration list for PBXProject "GHFollowers-SwiftUI" */ = {
			isa = XCConfigurationList;
			buildConfigurations = (
				B99DA7EA2C6A7A8000F8F159 /* Debug */,
				B99DA7EB2C6A7A8000F8F159 /* Release */,
			);
			defaultConfigurationIsVisible = 0;
			defaultConfigurationName = Release;
		};
		B99DA7EC2C6A7A8000F8F159 /* Build configuration list for PBXNativeTarget "GHFollowers-SwiftUI" */ = {
			isa = XCConfigurationList;
			buildConfigurations = (
				B99DA7ED2C6A7A8000F8F159 /* Debug */,
				B99DA7EE2C6A7A8000F8F159 /* Release */,
			);
			defaultConfigurationIsVisible = 0;
			defaultConfigurationName = Release;
		};
/* End XCConfigurationList section */
	};
	rootObject = B99DA7D62C6A7A7D00F8F159 /* Project object */;
}
